
Microsoft Visual Studio Solution File, Format Version 12.00
# Visual Studio 2013
VisualStudioVersion = 12.0.31101.0
MinimumVisualStudioVersion = 10.0.40219.1
Project("{FAE04EC0-301F-11D3-BF4B-00C04F79EFBC}") = "LEARNING_EF_CODE_FIRST", "LEARNING_EF_CODE_FIRST\LEARNING_EF_CODE_FIRST.csproj", "{1FB51F03-4177-43B1-80AF-20E7EA35C5AF}"
EndProject
Project("{FAE04EC0-301F-11D3-BF4B-00C04F79EFBC}") = "Models", "Models\Models.csproj", "{B24C14DE-A77E-4944-9285-EE76E9554A60}"
EndProject
Global
	GlobalSection(SolutionConfigurationPlatforms) = preSolution
		Debug|Any CPU = Debug|Any CPU
		Release|Any CPU = Release|Any CPU
	EndGlobalSection
	GlobalSection(ProjectConfigurationPlatforms) = postSolution
		{1FB51F03-4177-43B1-80AF-20E7EA35C5AF}.Debug|Any CPU.ActiveCfg = Debug|Any CPU
		{1FB51F03-4177-43B1-80AF-20E7EA35C5AF}.Debug|Any CPU.Build.0 = Debug|Any CPU
		{1FB51F03-4177-43B1-80AF-20E7EA35C5AF}.Release|Any CPU.ActiveCfg = Release|Any CPU
		{1FB51F03-4177-43B1-80AF-20E7EA35C5AF}.Release|Any CPU.Build.0 = Release|Any CPU
		{B24C14DE-A77E-4944-9285-EE76E9554A60}.Debug|Any CPU.ActiveCfg = Debug|Any CPU
		{B24C14DE-A77E-4944-9285-EE76E9554A60}.Debug|Any CPU.Build.0 = Debug|Any CPU
		{B24C14DE-A77E-4944-9285-EE76E9554A60}.Release|Any CPU.ActiveCfg = Release|Any CPU
		{B24C14DE-A77E-4944-9285-EE76E9554A60}.Release|Any CPU.Build.0 = Release|Any CPU
	EndGlobalSection
	GlobalSection(SolutionProperties) = preSolution
		HideSolutionNode = FALSE
	EndGlobalSection
EndGlobal
